// !$*UTF8*$!
{
	archiveVersion = 1;
	classes = {
	};
	objectVersion = 46;
	objects = {

/* Begin PBXBuildFile section */
		10A229FA852D79664A36E687 /* libPods-TripPlanner.a in Frameworks */ = {isa = PBXBuildFile; fileRef = 7FA332A0FADB35206D6C99B5 /* libPods-TripPlanner.a */; };
		3EE8D89A0178893A3D03E926 /* libPods-TripPlannerTests.a in Frameworks */ = {isa = PBXBuildFile; fileRef = D325F7F39658605D7616E179 /* libPods-TripPlannerTests.a */; };
		740531C11AADA4F500912539 /* TPATripsViewController.m in Sources */ = {isa = PBXBuildFile; fileRef = 740531C01AADA4F500912539 /* TPATripsViewController.m */; };
		740531C61AADA84600912539 /* TPATripPlanTableViewCell.m in Sources */ = {isa = PBXBuildFile; fileRef = 740531C41AADA84600912539 /* TPATripPlanTableViewCell.m */; };
		740531C71AADA84600912539 /* TPATripPlanTableViewCell.xib in Resources */ = {isa = PBXBuildFile; fileRef = 740531C51AADA84600912539 /* TPATripPlanTableViewCell.xib */; };
		740531CB1AADC6FC00912539 /* TPATripPlanForm.m in Sources */ = {isa = PBXBuildFile; fileRef = 740531CA1AADC6FC00912539 /* TPATripPlanForm.m */; };
		740531CF1AADC81800912539 /* TPAAddTripPlanViewController.m in Sources */ = {isa = PBXBuildFile; fileRef = 740531CE1AADC81800912539 /* TPAAddTripPlanViewController.m */; };
		740531D21AADF06B00912539 /* NSDate+Utilities.m in Sources */ = {isa = PBXBuildFile; fileRef = 740531D11AADF06B00912539 /* NSDate+Utilities.m */; };
		740531D61AAE00AB00912539 /* TPATravelPlanViewController.m in Sources */ = {isa = PBXBuildFile; fileRef = 740531D51AAE00AB00912539 /* TPATravelPlanViewController.m */; };
		740531DE1AAE377900912539 /* TPAFiltersViewController.m in Sources */ = {isa = PBXBuildFile; fileRef = 740531DD1AAE377900912539 /* TPAFiltersViewController.m */; };
		740531E11AAE3CF500912539 /* TPATripFilterForm.m in Sources */ = {isa = PBXBuildFile; fileRef = 740531E01AAE3CF500912539 /* TPATripFilterForm.m */; };
		740531E21AAE47DD00912539 /* Bolts.framework in Frameworks */ = {isa = PBXBuildFile; fileRef = 745B6D111AAD971800316C16 /* Bolts.framework */; };
		740531E31AAE47DD00912539 /* Parse.framework in Frameworks */ = {isa = PBXBuildFile; fileRef = 745B6D121AAD971800316C16 /* Parse.framework */; };
		740531E41AAE47DD00912539 /* ParseCrashReporting.framework in Frameworks */ = {isa = PBXBuildFile; fileRef = 745B6D131AAD971800316C16 /* ParseCrashReporting.framework */; };
		740531E61AAE47DD00912539 /* ParseUI.framework in Frameworks */ = {isa = PBXBuildFile; fileRef = 745B6D151AAD971800316C16 /* ParseUI.framework */; };
		740531E71AAE49D300912539 /* Accounts.framework in Frameworks */ = {isa = PBXBuildFile; fileRef = 745B6D2C1AAD97D600316C16 /* Accounts.framework */; };
		740531E81AAE49D300912539 /* CoreAudio.framework in Frameworks */ = {isa = PBXBuildFile; fileRef = 745B6D321AAD980A00316C16 /* CoreAudio.framework */; };
		740531EA1AAE49D300912539 /* CFNetwork.framework in Frameworks */ = {isa = PBXBuildFile; fileRef = 740531E91AAE49D300912539 /* CFNetwork.framework */; };
		740531EB1AAE49DA00912539 /* libstdc++.dylib in Frameworks */ = {isa = PBXBuildFile; fileRef = 745B6D281AAD97CC00316C16 /* libstdc++.dylib */; };
		740531EC1AAE49F100912539 /* AudioToolbox.framework in Frameworks */ = {isa = PBXBuildFile; fileRef = 745B6D3C1AAD984200316C16 /* AudioToolbox.framework */; };
		740531ED1AAE4A0000912539 /* Social.framework in Frameworks */ = {isa = PBXBuildFile; fileRef = 745B6D2E1AAD97DA00316C16 /* Social.framework */; };
		740531EE1AAE4A0F00912539 /* SystemConfiguration.framework in Frameworks */ = {isa = PBXBuildFile; fileRef = 745B6D301AAD97E400316C16 /* SystemConfiguration.framework */; };
		740531EF1AAE4A1B00912539 /* libsqlite3.dylib in Frameworks */ = {isa = PBXBuildFile; fileRef = 745B6D3A1AAD983600316C16 /* libsqlite3.dylib */; };
		740531F01AAE4A3200912539 /* libz.dylib in Frameworks */ = {isa = PBXBuildFile; fileRef = 745B6D381AAD983100316C16 /* libz.dylib */; };
		740531F11AAE4A4B00912539 /* StoreKit.framework in Frameworks */ = {isa = PBXBuildFile; fileRef = 745B6D341AAD981B00316C16 /* StoreKit.framework */; };
		740531F21AAE4A8B00912539 /* MobileCoreServices.framework in Frameworks */ = {isa = PBXBuildFile; fileRef = 745B6D421AAD987200316C16 /* MobileCoreServices.framework */; };
		745B6CED1AAD95E600316C16 /* main.m in Sources */ = {isa = PBXBuildFile; fileRef = 745B6CEC1AAD95E600316C16 /* main.m */; };
		745B6CF01AAD95E600316C16 /* AppDelegate.m in Sources */ = {isa = PBXBuildFile; fileRef = 745B6CEF1AAD95E600316C16 /* AppDelegate.m */; };
		745B6CF61AAD95E600316C16 /* Main.storyboard in Resources */ = {isa = PBXBuildFile; fileRef = 745B6CF41AAD95E600316C16 /* Main.storyboard */; };
		745B6CF81AAD95E600316C16 /* Images.xcassets in Resources */ = {isa = PBXBuildFile; fileRef = 745B6CF71AAD95E600316C16 /* Images.xcassets */; };
		745B6CFB1AAD95E600316C16 /* LaunchScreen.xib in Resources */ = {isa = PBXBuildFile; fileRef = 745B6CF91AAD95E600316C16 /* LaunchScreen.xib */; };
		745B6D071AAD95E600316C16 /* TripPlannerTests.m in Sources */ = {isa = PBXBuildFile; fileRef = 745B6D061AAD95E600316C16 /* TripPlannerTests.m */; };
		745B6D1A1AAD971800316C16 /* Bolts.framework in Frameworks */ = {isa = PBXBuildFile; fileRef = 745B6D111AAD971800316C16 /* Bolts.framework */; };
		745B6D1B1AAD971800316C16 /* Parse.framework in Frameworks */ = {isa = PBXBuildFile; fileRef = 745B6D121AAD971800316C16 /* Parse.framework */; };
		745B6D1C1AAD971800316C16 /* ParseCrashReporting.framework in Frameworks */ = {isa = PBXBuildFile; fileRef = 745B6D131AAD971800316C16 /* ParseCrashReporting.framework */; };
		745B6D1E1AAD971800316C16 /* ParseUI.framework in Frameworks */ = {isa = PBXBuildFile; fileRef = 745B6D151AAD971800316C16 /* ParseUI.framework */; };
		745B6D211AAD973F00316C16 /* TPAConstants.m in Sources */ = {isa = PBXBuildFile; fileRef = 745B6D201AAD973F00316C16 /* TPAConstants.m */; };
		745B6D261AAD97AE00316C16 /* NSString+Utilities.m in Sources */ = {isa = PBXBuildFile; fileRef = 745B6D231AAD97AE00316C16 /* NSString+Utilities.m */; };
		745B6D271AAD97AE00316C16 /* UIAlertView+Blocks.m in Sources */ = {isa = PBXBuildFile; fileRef = 745B6D251AAD97AE00316C16 /* UIAlertView+Blocks.m */; };
		745B6D291AAD97CC00316C16 /* libstdc++.dylib in Frameworks */ = {isa = PBXBuildFile; fileRef = 745B6D281AAD97CC00316C16 /* libstdc++.dylib */; };
		745B6D2B1AAD97D200316C16 /* libc++.dylib in Frameworks */ = {isa = PBXBuildFile; fileRef = 745B6D2A1AAD97D200316C16 /* libc++.dylib */; };
		745B6D2D1AAD97D600316C16 /* Accounts.framework in Frameworks */ = {isa = PBXBuildFile; fileRef = 745B6D2C1AAD97D600316C16 /* Accounts.framework */; };
		745B6D2F1AAD97DA00316C16 /* Social.framework in Frameworks */ = {isa = PBXBuildFile; fileRef = 745B6D2E1AAD97DA00316C16 /* Social.framework */; };
		745B6D311AAD97E400316C16 /* SystemConfiguration.framework in Frameworks */ = {isa = PBXBuildFile; fileRef = 745B6D301AAD97E400316C16 /* SystemConfiguration.framework */; };
		745B6D331AAD980A00316C16 /* CoreAudio.framework in Frameworks */ = {isa = PBXBuildFile; fileRef = 745B6D321AAD980A00316C16 /* CoreAudio.framework */; };
		745B6D351AAD981B00316C16 /* StoreKit.framework in Frameworks */ = {isa = PBXBuildFile; fileRef = 745B6D341AAD981B00316C16 /* StoreKit.framework */; };
		745B6D371AAD982000316C16 /* Security.framework in Frameworks */ = {isa = PBXBuildFile; fileRef = 745B6D361AAD982000316C16 /* Security.framework */; };
		745B6D391AAD983100316C16 /* libz.dylib in Frameworks */ = {isa = PBXBuildFile; fileRef = 745B6D381AAD983100316C16 /* libz.dylib */; };
		745B6D3B1AAD983600316C16 /* libsqlite3.dylib in Frameworks */ = {isa = PBXBuildFile; fileRef = 745B6D3A1AAD983600316C16 /* libsqlite3.dylib */; };
		745B6D3D1AAD984200316C16 /* AudioToolbox.framework in Frameworks */ = {isa = PBXBuildFile; fileRef = 745B6D3C1AAD984200316C16 /* AudioToolbox.framework */; };
		745B6D3F1AAD985200316C16 /* libstdc++.6.dylib in Frameworks */ = {isa = PBXBuildFile; fileRef = 745B6D3E1AAD985200316C16 /* libstdc++.6.dylib */; };
		745B6D411AAD986600316C16 /* CoreGraphics.framework in Frameworks */ = {isa = PBXBuildFile; fileRef = 745B6D401AAD986600316C16 /* CoreGraphics.framework */; };
		745B6D431AAD987200316C16 /* MobileCoreServices.framework in Frameworks */ = {isa = PBXBuildFile; fileRef = 745B6D421AAD987200316C16 /* MobileCoreServices.framework */; };
		745B6D451AAD987800316C16 /* CoreLocation.framework in Frameworks */ = {isa = PBXBuildFile; fileRef = 745B6D441AAD987800316C16 /* CoreLocation.framework */; };
		745B6D4C1AAD98D900316C16 /* TPAAuthenticationViewController.m in Sources */ = {isa = PBXBuildFile; fileRef = 745B6D4B1AAD98D900316C16 /* TPAAuthenticationViewController.m */; };
		745B6D4F1AAD98E500316C16 /* TPALoginViewController.m in Sources */ = {isa = PBXBuildFile; fileRef = 745B6D4E1AAD98E500316C16 /* TPALoginViewController.m */; };
		745B6D521AAD98F400316C16 /* TPASignupViewController.m in Sources */ = {isa = PBXBuildFile; fileRef = 745B6D511AAD98F400316C16 /* TPASignupViewController.m */; };
/* End PBXBuildFile section */

/* Begin PBXContainerItemProxy section */
		745B6D011AAD95E600316C16 /* PBXContainerItemProxy */ = {
			isa = PBXContainerItemProxy;
			containerPortal = 745B6CDF1AAD95E600316C16 /* Project object */;
			proxyType = 1;
			remoteGlobalIDString = 745B6CE61AAD95E600316C16;
			remoteInfo = TripPlanner;
		};
/* End PBXContainerItemProxy section */

/* Begin PBXFileReference section */
		60DED5AB50C7422714C032EC /* Pods-TripPlanner.release.xcconfig */ = {isa = PBXFileReference; includeInIndex = 1; lastKnownFileType = text.xcconfig; name = "Pods-TripPlanner.release.xcconfig"; path = "Pods/Target Support Files/Pods-TripPlanner/Pods-TripPlanner.release.xcconfig"; sourceTree = "<group>"; };
		72FA575F422493D35C55E467 /* Pods-TripPlanner.debug.xcconfig */ = {isa = PBXFileReference; includeInIndex = 1; lastKnownFileType = text.xcconfig; name = "Pods-TripPlanner.debug.xcconfig"; path = "Pods/Target Support Files/Pods-TripPlanner/Pods-TripPlanner.debug.xcconfig"; sourceTree = "<group>"; };
		740531BF1AADA4F500912539 /* TPATripsViewController.h */ = {isa = PBXFileReference; fileEncoding = 4; lastKnownFileType = sourcecode.c.h; path = TPATripsViewController.h; sourceTree = "<group>"; };
		740531C01AADA4F500912539 /* TPATripsViewController.m */ = {isa = PBXFileReference; fileEncoding = 4; lastKnownFileType = sourcecode.c.objc; path = TPATripsViewController.m; sourceTree = "<group>"; };
		740531C31AADA84600912539 /* TPATripPlanTableViewCell.h */ = {isa = PBXFileReference; fileEncoding = 4; lastKnownFileType = sourcecode.c.h; path = TPATripPlanTableViewCell.h; sourceTree = "<group>"; };
		740531C41AADA84600912539 /* TPATripPlanTableViewCell.m */ = {isa = PBXFileReference; fileEncoding = 4; lastKnownFileType = sourcecode.c.objc; path = TPATripPlanTableViewCell.m; sourceTree = "<group>"; };
		740531C51AADA84600912539 /* TPATripPlanTableViewCell.xib */ = {isa = PBXFileReference; fileEncoding = 4; lastKnownFileType = file.xib; path = TPATripPlanTableViewCell.xib; sourceTree = "<group>"; };
		740531C91AADC6FC00912539 /* TPATripPlanForm.h */ = {isa = PBXFileReference; fileEncoding = 4; lastKnownFileType = sourcecode.c.h; path = TPATripPlanForm.h; sourceTree = "<group>"; };
		740531CA1AADC6FC00912539 /* TPATripPlanForm.m */ = {isa = PBXFileReference; fileEncoding = 4; lastKnownFileType = sourcecode.c.objc; path = TPATripPlanForm.m; sourceTree = "<group>"; };
		740531CD1AADC81800912539 /* TPAAddTripPlanViewController.h */ = {isa = PBXFileReference; fileEncoding = 4; lastKnownFileType = sourcecode.c.h; path = TPAAddTripPlanViewController.h; sourceTree = "<group>"; };
		740531CE1AADC81800912539 /* TPAAddTripPlanViewController.m */ = {isa = PBXFileReference; fileEncoding = 4; lastKnownFileType = sourcecode.c.objc; path = TPAAddTripPlanViewController.m; sourceTree = "<group>"; };
		740531D01AADF06B00912539 /* NSDate+Utilities.h */ = {isa = PBXFileReference; fileEncoding = 4; lastKnownFileType = sourcecode.c.h; path = "NSDate+Utilities.h"; sourceTree = "<group>"; };
		740531D11AADF06B00912539 /* NSDate+Utilities.m */ = {isa = PBXFileReference; fileEncoding = 4; lastKnownFileType = sourcecode.c.objc; path = "NSDate+Utilities.m"; sourceTree = "<group>"; };
		740531D41AAE00AB00912539 /* TPATravelPlanViewController.h */ = {isa = PBXFileReference; fileEncoding = 4; lastKnownFileType = sourcecode.c.h; path = TPATravelPlanViewController.h; sourceTree = "<group>"; };
		740531D51AAE00AB00912539 /* TPATravelPlanViewController.m */ = {isa = PBXFileReference; fileEncoding = 4; lastKnownFileType = sourcecode.c.objc; path = TPATravelPlanViewController.m; sourceTree = "<group>"; };
		740531DC1AAE377900912539 /* TPAFiltersViewController.h */ = {isa = PBXFileReference; fileEncoding = 4; lastKnownFileType = sourcecode.c.h; path = TPAFiltersViewController.h; sourceTree = "<group>"; };
		740531DD1AAE377900912539 /* TPAFiltersViewController.m */ = {isa = PBXFileReference; fileEncoding = 4; lastKnownFileType = sourcecode.c.objc; path = TPAFiltersViewController.m; sourceTree = "<group>"; };
		740531DF1AAE3CF500912539 /* TPATripFilterForm.h */ = {isa = PBXFileReference; fileEncoding = 4; lastKnownFileType = sourcecode.c.h; path = TPATripFilterForm.h; sourceTree = "<group>"; };
		740531E01AAE3CF500912539 /* TPATripFilterForm.m */ = {isa = PBXFileReference; fileEncoding = 4; lastKnownFileType = sourcecode.c.objc; path = TPATripFilterForm.m; sourceTree = "<group>"; };
		740531E91AAE49D300912539 /* CFNetwork.framework */ = {isa = PBXFileReference; lastKnownFileType = wrapper.framework; name = CFNetwork.framework; path = System/Library/Frameworks/CFNetwork.framework; sourceTree = SDKROOT; };
		745B6CE71AAD95E600316C16 /* TripPlanner.app */ = {isa = PBXFileReference; explicitFileType = wrapper.application; includeInIndex = 0; path = TripPlanner.app; sourceTree = BUILT_PRODUCTS_DIR; };
		745B6CEB1AAD95E600316C16 /* Info.plist */ = {isa = PBXFileReference; lastKnownFileType = text.plist.xml; path = Info.plist; sourceTree = "<group>"; };
		745B6CEC1AAD95E600316C16 /* main.m */ = {isa = PBXFileReference; lastKnownFileType = sourcecode.c.objc; path = main.m; sourceTree = "<group>"; };
		745B6CEE1AAD95E600316C16 /* AppDelegate.h */ = {isa = PBXFileReference; lastKnownFileType = sourcecode.c.h; path = AppDelegate.h; sourceTree = "<group>"; };
		745B6CEF1AAD95E600316C16 /* AppDelegate.m */ = {isa = PBXFileReference; lastKnownFileType = sourcecode.c.objc; path = AppDelegate.m; sourceTree = "<group>"; };
		745B6CF51AAD95E600316C16 /* Base */ = {isa = PBXFileReference; lastKnownFileType = file.storyboard; name = Base; path = Base.lproj/Main.storyboard; sourceTree = "<group>"; };
		745B6CF71AAD95E600316C16 /* Images.xcassets */ = {isa = PBXFileReference; lastKnownFileType = folder.assetcatalog; path = Images.xcassets; sourceTree = "<group>"; };
		745B6CFA1AAD95E600316C16 /* Base */ = {isa = PBXFileReference; lastKnownFileType = file.xib; name = Base; path = Base.lproj/LaunchScreen.xib; sourceTree = "<group>"; };
		745B6D001AAD95E600316C16 /* TripPlannerTests.xctest */ = {isa = PBXFileReference; explicitFileType = wrapper.cfbundle; includeInIndex = 0; path = TripPlannerTests.xctest; sourceTree = BUILT_PRODUCTS_DIR; };
		745B6D051AAD95E600316C16 /* Info.plist */ = {isa = PBXFileReference; lastKnownFileType = text.plist.xml; path = Info.plist; sourceTree = "<group>"; };
		745B6D061AAD95E600316C16 /* TripPlannerTests.m */ = {isa = PBXFileReference; lastKnownFileType = sourcecode.c.objc; path = TripPlannerTests.m; sourceTree = "<group>"; };
		745B6D111AAD971800316C16 /* Bolts.framework */ = {isa = PBXFileReference; lastKnownFileType = wrapper.framework; path = Bolts.framework; sourceTree = "<group>"; };
		745B6D121AAD971800316C16 /* Parse.framework */ = {isa = PBXFileReference; lastKnownFileType = wrapper.framework; path = Parse.framework; sourceTree = "<group>"; };
		745B6D131AAD971800316C16 /* ParseCrashReporting.framework */ = {isa = PBXFileReference; lastKnownFileType = wrapper.framework; path = ParseCrashReporting.framework; sourceTree = "<group>"; };
		745B6D151AAD971800316C16 /* ParseUI.framework */ = {isa = PBXFileReference; lastKnownFileType = wrapper.framework; path = ParseUI.framework; sourceTree = "<group>"; };
		745B6D1F1AAD973F00316C16 /* TPAConstants.h */ = {isa = PBXFileReference; fileEncoding = 4; lastKnownFileType = sourcecode.c.h; path = TPAConstants.h; sourceTree = "<group>"; };
		745B6D201AAD973F00316C16 /* TPAConstants.m */ = {isa = PBXFileReference; fileEncoding = 4; lastKnownFileType = sourcecode.c.objc; path = TPAConstants.m; sourceTree = "<group>"; };
		745B6D221AAD97AE00316C16 /* NSString+Utilities.h */ = {isa = PBXFileReference; fileEncoding = 4; lastKnownFileType = sourcecode.c.h; path = "NSString+Utilities.h"; sourceTree = "<group>"; };
		745B6D231AAD97AE00316C16 /* NSString+Utilities.m */ = {isa = PBXFileReference; fileEncoding = 4; lastKnownFileType = sourcecode.c.objc; path = "NSString+Utilities.m"; sourceTree = "<group>"; };
		745B6D241AAD97AE00316C16 /* UIAlertView+Blocks.h */ = {isa = PBXFileReference; fileEncoding = 4; lastKnownFileType = sourcecode.c.h; path = "UIAlertView+Blocks.h"; sourceTree = "<group>"; };
		745B6D251AAD97AE00316C16 /* UIAlertView+Blocks.m */ = {isa = PBXFileReference; fileEncoding = 4; lastKnownFileType = sourcecode.c.objc; path = "UIAlertView+Blocks.m"; sourceTree = "<group>"; };
		745B6D281AAD97CC00316C16 /* libstdc++.dylib */ = {isa = PBXFileReference; lastKnownFileType = "compiled.mach-o.dylib"; name = "libstdc++.dylib"; path = "usr/lib/libstdc++.dylib"; sourceTree = SDKROOT; };
		745B6D2A1AAD97D200316C16 /* libc++.dylib */ = {isa = PBXFileReference; lastKnownFileType = "compiled.mach-o.dylib"; name = "libc++.dylib"; path = "usr/lib/libc++.dylib"; sourceTree = SDKROOT; };
		745B6D2C1AAD97D600316C16 /* Accounts.framework */ = {isa = PBXFileReference; lastKnownFileType = wrapper.framework; name = Accounts.framework; path = System/Library/Frameworks/Accounts.framework; sourceTree = SDKROOT; };
		745B6D2E1AAD97DA00316C16 /* Social.framework */ = {isa = PBXFileReference; lastKnownFileType = wrapper.framework; name = Social.framework; path = System/Library/Frameworks/Social.framework; sourceTree = SDKROOT; };
		745B6D301AAD97E400316C16 /* SystemConfiguration.framework */ = {isa = PBXFileReference; lastKnownFileType = wrapper.framework; name = SystemConfiguration.framework; path = System/Library/Frameworks/SystemConfiguration.framework; sourceTree = SDKROOT; };
		745B6D321AAD980A00316C16 /* CoreAudio.framework */ = {isa = PBXFileReference; lastKnownFileType = wrapper.framework; name = CoreAudio.framework; path = System/Library/Frameworks/CoreAudio.framework; sourceTree = SDKROOT; };
		745B6D341AAD981B00316C16 /* StoreKit.framework */ = {isa = PBXFileReference; lastKnownFileType = wrapper.framework; name = StoreKit.framework; path = System/Library/Frameworks/StoreKit.framework; sourceTree = SDKROOT; };
		745B6D361AAD982000316C16 /* Security.framework */ = {isa = PBXFileReference; lastKnownFileType = wrapper.framework; name = Security.framework; path = System/Library/Frameworks/Security.framework; sourceTree = SDKROOT; };
		745B6D381AAD983100316C16 /* libz.dylib */ = {isa = PBXFileReference; lastKnownFileType = "compiled.mach-o.dylib"; name = libz.dylib; path = usr/lib/libz.dylib; sourceTree = SDKROOT; };
		745B6D3A1AAD983600316C16 /* libsqlite3.dylib */ = {isa = PBXFileReference; lastKnownFileType = "compiled.mach-o.dylib"; name = libsqlite3.dylib; path = usr/lib/libsqlite3.dylib; sourceTree = SDKROOT; };
		745B6D3C1AAD984200316C16 /* AudioToolbox.framework */ = {isa = PBXFileReference; lastKnownFileType = wrapper.framework; name = AudioToolbox.framework; path = System/Library/Frameworks/AudioToolbox.framework; sourceTree = SDKROOT; };
		745B6D3E1AAD985200316C16 /* libstdc++.6.dylib */ = {isa = PBXFileReference; lastKnownFileType = "compiled.mach-o.dylib"; name = "libstdc++.6.dylib"; path = "usr/lib/libstdc++.6.dylib"; sourceTree = SDKROOT; };
		745B6D401AAD986600316C16 /* CoreGraphics.framework */ = {isa = PBXFileReference; lastKnownFileType = wrapper.framework; name = CoreGraphics.framework; path = System/Library/Frameworks/CoreGraphics.framework; sourceTree = SDKROOT; };
		745B6D421AAD987200316C16 /* MobileCoreServices.framework */ = {isa = PBXFileReference; lastKnownFileType = wrapper.framework; name = MobileCoreServices.framework; path = System/Library/Frameworks/MobileCoreServices.framework; sourceTree = SDKROOT; };
		745B6D441AAD987800316C16 /* CoreLocation.framework */ = {isa = PBXFileReference; lastKnownFileType = wrapper.framework; name = CoreLocation.framework; path = System/Library/Frameworks/CoreLocation.framework; sourceTree = SDKROOT; };
		745B6D4A1AAD98D900316C16 /* TPAAuthenticationViewController.h */ = {isa = PBXFileReference; fileEncoding = 4; lastKnownFileType = sourcecode.c.h; path = TPAAuthenticationViewController.h; sourceTree = "<group>"; };
		745B6D4B1AAD98D900316C16 /* TPAAuthenticationViewController.m */ = {isa = PBXFileReference; fileEncoding = 4; lastKnownFileType = sourcecode.c.objc; path = TPAAuthenticationViewController.m; sourceTree = "<group>"; };
		745B6D4D1AAD98E500316C16 /* TPALoginViewController.h */ = {isa = PBXFileReference; fileEncoding = 4; lastKnownFileType = sourcecode.c.h; path = TPALoginViewController.h; sourceTree = "<group>"; };
		745B6D4E1AAD98E500316C16 /* TPALoginViewController.m */ = {isa = PBXFileReference; fileEncoding = 4; lastKnownFileType = sourcecode.c.objc; path = TPALoginViewController.m; sourceTree = "<group>"; };
		745B6D501AAD98F400316C16 /* TPASignupViewController.h */ = {isa = PBXFileReference; fileEncoding = 4; lastKnownFileType = sourcecode.c.h; path = TPASignupViewController.h; sourceTree = "<group>"; };
		745B6D511AAD98F400316C16 /* TPASignupViewController.m */ = {isa = PBXFileReference; fileEncoding = 4; lastKnownFileType = sourcecode.c.objc; path = TPASignupViewController.m; sourceTree = "<group>"; };
		7E81C784CDE41C3EDA0DFF69 /* Pods-TripPlannerTests.debug.xcconfig */ = {isa = PBXFileReference; includeInIndex = 1; lastKnownFileType = text.xcconfig; name = "Pods-TripPlannerTests.debug.xcconfig"; path = "Pods/Target Support Files/Pods-TripPlannerTests/Pods-TripPlannerTests.debug.xcconfig"; sourceTree = "<group>"; };
		7FA332A0FADB35206D6C99B5 /* libPods-TripPlanner.a */ = {isa = PBXFileReference; explicitFileType = archive.ar; includeInIndex = 0; path = "libPods-TripPlanner.a"; sourceTree = BUILT_PRODUCTS_DIR; };
		826F9C34DADF77BF9A0BDE35 /* Pods-TripPlannerTests.release.xcconfig */ = {isa = PBXFileReference; includeInIndex = 1; lastKnownFileType = text.xcconfig; name = "Pods-TripPlannerTests.release.xcconfig"; path = "Pods/Target Support Files/Pods-TripPlannerTests/Pods-TripPlannerTests.release.xcconfig"; sourceTree = "<group>"; };
		D325F7F39658605D7616E179 /* libPods-TripPlannerTests.a */ = {isa = PBXFileReference; explicitFileType = archive.ar; includeInIndex = 0; path = "libPods-TripPlannerTests.a"; sourceTree = BUILT_PRODUCTS_DIR; };
/* End PBXFileReference section */

/* Begin PBXFrameworksBuildPhase section */
		745B6CE41AAD95E600316C16 /* Frameworks */ = {
			isa = PBXFrameworksBuildPhase;
			buildActionMask = 2147483647;
			files = (
				745B6D451AAD987800316C16 /* CoreLocation.framework in Frameworks */,
				745B6D431AAD987200316C16 /* MobileCoreServices.framework in Frameworks */,
				745B6D411AAD986600316C16 /* CoreGraphics.framework in Frameworks */,
				745B6D3F1AAD985200316C16 /* libstdc++.6.dylib in Frameworks */,
				745B6D3D1AAD984200316C16 /* AudioToolbox.framework in Frameworks */,
				745B6D3B1AAD983600316C16 /* libsqlite3.dylib in Frameworks */,
				745B6D391AAD983100316C16 /* libz.dylib in Frameworks */,
				745B6D371AAD982000316C16 /* Security.framework in Frameworks */,
				745B6D351AAD981B00316C16 /* StoreKit.framework in Frameworks */,
				745B6D331AAD980A00316C16 /* CoreAudio.framework in Frameworks */,
				745B6D311AAD97E400316C16 /* SystemConfiguration.framework in Frameworks */,
				745B6D2F1AAD97DA00316C16 /* Social.framework in Frameworks */,
				745B6D2D1AAD97D600316C16 /* Accounts.framework in Frameworks */,
				745B6D2B1AAD97D200316C16 /* libc++.dylib in Frameworks */,
				745B6D291AAD97CC00316C16 /* libstdc++.dylib in Frameworks */,
				745B6D1E1AAD971800316C16 /* ParseUI.framework in Frameworks */,
				10A229FA852D79664A36E687 /* libPods-TripPlanner.a in Frameworks */,
				745B6D1B1AAD971800316C16 /* Parse.framework in Frameworks */,
				745B6D1A1AAD971800316C16 /* Bolts.framework in Frameworks */,
				745B6D1C1AAD971800316C16 /* ParseCrashReporting.framework in Frameworks */,
			);
			runOnlyForDeploymentPostprocessing = 0;
		};
		745B6CFD1AAD95E600316C16 /* Frameworks */ = {
			isa = PBXFrameworksBuildPhase;
			buildActionMask = 2147483647;
			files = (
				740531F21AAE4A8B00912539 /* MobileCoreServices.framework in Frameworks */,
				740531F11AAE4A4B00912539 /* StoreKit.framework in Frameworks */,
				740531F01AAE4A3200912539 /* libz.dylib in Frameworks */,
				740531EF1AAE4A1B00912539 /* libsqlite3.dylib in Frameworks */,
				740531EE1AAE4A0F00912539 /* SystemConfiguration.framework in Frameworks */,
				740531ED1AAE4A0000912539 /* Social.framework in Frameworks */,
				740531EC1AAE49F100912539 /* AudioToolbox.framework in Frameworks */,
				740531EB1AAE49DA00912539 /* libstdc++.dylib in Frameworks */,
				740531EA1AAE49D300912539 /* CFNetwork.framework in Frameworks */,
				740531E71AAE49D300912539 /* Accounts.framework in Frameworks */,
				740531E81AAE49D300912539 /* CoreAudio.framework in Frameworks */,
				740531E61AAE47DD00912539 /* ParseUI.framework in Frameworks */,
				3EE8D89A0178893A3D03E926 /* libPods-TripPlannerTests.a in Frameworks */,
				740531E31AAE47DD00912539 /* Parse.framework in Frameworks */,
				740531E21AAE47DD00912539 /* Bolts.framework in Frameworks */,
				740531E41AAE47DD00912539 /* ParseCrashReporting.framework in Frameworks */,
			);
			runOnlyForDeploymentPostprocessing = 0;
		};
/* End PBXFrameworksBuildPhase section */

/* Begin PBXGroup section */
		5BC9662E4DA889295EA2B893 /* Pods */ = {
			isa = PBXGroup;
			children = (
				72FA575F422493D35C55E467 /* Pods-TripPlanner.debug.xcconfig */,
				60DED5AB50C7422714C032EC /* Pods-TripPlanner.release.xcconfig */,
				7E81C784CDE41C3EDA0DFF69 /* Pods-TripPlannerTests.debug.xcconfig */,
				826F9C34DADF77BF9A0BDE35 /* Pods-TripPlannerTests.release.xcconfig */,
			);
			name = Pods;
			sourceTree = "<group>";
		};
		740531BE1AADA4E800912539 /* TripsViewController */ = {
			isa = PBXGroup;
			children = (
				740531BF1AADA4F500912539 /* TPATripsViewController.h */,
				740531C01AADA4F500912539 /* TPATripsViewController.m */,
			);
			path = TripsViewController;
			sourceTree = "<group>";
		};
		740531C21AADA83A00912539 /* TripPlanTableViewCell */ = {
			isa = PBXGroup;
			children = (
				740531C31AADA84600912539 /* TPATripPlanTableViewCell.h */,
				740531C41AADA84600912539 /* TPATripPlanTableViewCell.m */,
				740531C51AADA84600912539 /* TPATripPlanTableViewCell.xib */,
			);
			path = TripPlanTableViewCell;
			sourceTree = "<group>";
		};
		740531C81AADC6E900912539 /* Forms */ = {
			isa = PBXGroup;
			children = (
				740531C91AADC6FC00912539 /* TPATripPlanForm.h */,
				740531CA1AADC6FC00912539 /* TPATripPlanForm.m */,
				740531DF1AAE3CF500912539 /* TPATripFilterForm.h */,
				740531E01AAE3CF500912539 /* TPATripFilterForm.m */,
			);
			path = Forms;
			sourceTree = "<group>";
		};
		740531CC1AADC80600912539 /* AddTripPlanViewController */ = {
			isa = PBXGroup;
			children = (
				740531CD1AADC81800912539 /* TPAAddTripPlanViewController.h */,
				740531CE1AADC81800912539 /* TPAAddTripPlanViewController.m */,
			);
			path = AddTripPlanViewController;
			sourceTree = "<group>";
		};
		740531D31AAE009000912539 /* TravelPlanViewController */ = {
			isa = PBXGroup;
			children = (
				740531D41AAE00AB00912539 /* TPATravelPlanViewController.h */,
				740531D51AAE00AB00912539 /* TPATravelPlanViewController.m */,
			);
			path = TravelPlanViewController;
			sourceTree = "<group>";
		};
		740531DB1AAE374D00912539 /* FiltersViewController */ = {
			isa = PBXGroup;
			children = (
				740531DC1AAE377900912539 /* TPAFiltersViewController.h */,
				740531DD1AAE377900912539 /* TPAFiltersViewController.m */,
			);
			path = FiltersViewController;
			sourceTree = "<group>";
		};
		745B6CDE1AAD95E600316C16 = {
			isa = PBXGroup;
			children = (
				745B6CE91AAD95E600316C16 /* TripPlanner */,
				745B6D031AAD95E600316C16 /* TripPlannerTests */,
				745B6CE81AAD95E600316C16 /* Products */,
				5BC9662E4DA889295EA2B893 /* Pods */,
				AD0E13181821926B6CE2C52E /* Frameworks */,
			);
			sourceTree = "<group>";
		};
		745B6CE81AAD95E600316C16 /* Products */ = {
			isa = PBXGroup;
			children = (
				745B6CE71AAD95E600316C16 /* TripPlanner.app */,
				745B6D001AAD95E600316C16 /* TripPlannerTests.xctest */,
			);
			name = Products;
			sourceTree = "<group>";
		};
		745B6CE91AAD95E600316C16 /* TripPlanner */ = {
			isa = PBXGroup;
			children = (
				745B6D101AAD971800316C16 /* 3rdParty */,
				745B6D161AAD971800316C16 /* Categories */,
				745B6D191AAD971800316C16 /* View */,
				745B6D171AAD971800316C16 /* Controller */,
				745B6D181AAD971800316C16 /* Model */,
				745B6CEE1AAD95E600316C16 /* AppDelegate.h */,
				745B6CEF1AAD95E600316C16 /* AppDelegate.m */,
				745B6CF41AAD95E600316C16 /* Main.storyboard */,
				745B6CF71AAD95E600316C16 /* Images.xcassets */,
				745B6CF91AAD95E600316C16 /* LaunchScreen.xib */,
				745B6CEA1AAD95E600316C16 /* Supporting Files */,
			);
			path = TripPlanner;
			sourceTree = "<group>";
		};
		745B6CEA1AAD95E600316C16 /* Supporting Files */ = {
			isa = PBXGroup;
			children = (
				745B6CEB1AAD95E600316C16 /* Info.plist */,
				745B6CEC1AAD95E600316C16 /* main.m */,
			);
			name = "Supporting Files";
			sourceTree = "<group>";
		};
		745B6D031AAD95E600316C16 /* TripPlannerTests */ = {
			isa = PBXGroup;
			children = (
				745B6D061AAD95E600316C16 /* TripPlannerTests.m */,
				745B6D041AAD95E600316C16 /* Supporting Files */,
			);
			path = TripPlannerTests;
			sourceTree = "<group>";
		};
		745B6D041AAD95E600316C16 /* Supporting Files */ = {
			isa = PBXGroup;
			children = (
				745B6D051AAD95E600316C16 /* Info.plist */,
			);
			name = "Supporting Files";
			sourceTree = "<group>";
		};
		745B6D101AAD971800316C16 /* 3rdParty */ = {
			isa = PBXGroup;
			children = (
				745B6D111AAD971800316C16 /* Bolts.framework */,
				745B6D121AAD971800316C16 /* Parse.framework */,
				745B6D131AAD971800316C16 /* ParseCrashReporting.framework */,
				745B6D151AAD971800316C16 /* ParseUI.framework */,
			);
			path = 3rdParty;
			sourceTree = "<group>";
		};
		745B6D161AAD971800316C16 /* Categories */ = {
			isa = PBXGroup;
			children = (
				740531D01AADF06B00912539 /* NSDate+Utilities.h */,
				740531D11AADF06B00912539 /* NSDate+Utilities.m */,
				745B6D221AAD97AE00316C16 /* NSString+Utilities.h */,
				745B6D231AAD97AE00316C16 /* NSString+Utilities.m */,
				745B6D241AAD97AE00316C16 /* UIAlertView+Blocks.h */,
				745B6D251AAD97AE00316C16 /* UIAlertView+Blocks.m */,
			);
			path = Categories;
			sourceTree = "<group>";
		};
		745B6D171AAD971800316C16 /* Controller */ = {
			isa = PBXGroup;
			children = (
				745B6D461AAD98C900316C16 /* Authentication */,
				740531BE1AADA4E800912539 /* TripsViewController */,
				740531CC1AADC80600912539 /* AddTripPlanViewController */,
				740531D31AAE009000912539 /* TravelPlanViewController */,
				740531DB1AAE374D00912539 /* FiltersViewController */,
			);
			path = Controller;
			sourceTree = "<group>";
		};
		745B6D181AAD971800316C16 /* Model */ = {
			isa = PBXGroup;
			children = (
				745B6D1F1AAD973F00316C16 /* TPAConstants.h */,
				745B6D201AAD973F00316C16 /* TPAConstants.m */,
				740531C81AADC6E900912539 /* Forms */,
			);
			path = Model;
			sourceTree = "<group>";
		};
		745B6D191AAD971800316C16 /* View */ = {
			isa = PBXGroup;
			children = (
				740531C21AADA83A00912539 /* TripPlanTableViewCell */,
			);
			path = View;
			sourceTree = "<group>";
		};
		745B6D461AAD98C900316C16 /* Authentication */ = {
			isa = PBXGroup;
			children = (
				745B6D471AAD98C900316C16 /* AuthenticationViewController */,
				745B6D481AAD98C900316C16 /* LoginViewController */,
				745B6D491AAD98C900316C16 /* SignupViewController */,
			);
			path = Authentication;
			sourceTree = "<group>";
		};
		745B6D471AAD98C900316C16 /* AuthenticationViewController */ = {
			isa = PBXGroup;
			children = (
				745B6D4A1AAD98D900316C16 /* TPAAuthenticationViewController.h */,
				745B6D4B1AAD98D900316C16 /* TPAAuthenticationViewController.m */,
			);
			path = AuthenticationViewController;
			sourceTree = "<group>";
		};
		745B6D481AAD98C900316C16 /* LoginViewController */ = {
			isa = PBXGroup;
			children = (
				745B6D4D1AAD98E500316C16 /* TPALoginViewController.h */,
				745B6D4E1AAD98E500316C16 /* TPALoginViewController.m */,
			);
			path = LoginViewController;
			sourceTree = "<group>";
		};
		745B6D491AAD98C900316C16 /* SignupViewController */ = {
			isa = PBXGroup;
			children = (
				745B6D501AAD98F400316C16 /* TPASignupViewController.h */,
				745B6D511AAD98F400316C16 /* TPASignupViewController.m */,
			);
			path = SignupViewController;
			sourceTree = "<group>";
		};
		AD0E13181821926B6CE2C52E /* Frameworks */ = {
			isa = PBXGroup;
			children = (
				740531E91AAE49D300912539 /* CFNetwork.framework */,
				745B6D441AAD987800316C16 /* CoreLocation.framework */,
				745B6D421AAD987200316C16 /* MobileCoreServices.framework */,
				745B6D401AAD986600316C16 /* CoreGraphics.framework */,
				745B6D3E1AAD985200316C16 /* libstdc++.6.dylib */,
				745B6D3C1AAD984200316C16 /* AudioToolbox.framework */,
				745B6D3A1AAD983600316C16 /* libsqlite3.dylib */,
				745B6D381AAD983100316C16 /* libz.dylib */,
				745B6D361AAD982000316C16 /* Security.framework */,
				745B6D341AAD981B00316C16 /* StoreKit.framework */,
				745B6D321AAD980A00316C16 /* CoreAudio.framework */,
				745B6D301AAD97E400316C16 /* SystemConfiguration.framework */,
				745B6D2E1AAD97DA00316C16 /* Social.framework */,
				745B6D2C1AAD97D600316C16 /* Accounts.framework */,
				745B6D2A1AAD97D200316C16 /* libc++.dylib */,
				745B6D281AAD97CC00316C16 /* libstdc++.dylib */,
				7FA332A0FADB35206D6C99B5 /* libPods-TripPlanner.a */,
				D325F7F39658605D7616E179 /* libPods-TripPlannerTests.a */,
			);
			name = Frameworks;
			sourceTree = "<group>";
		};
/* End PBXGroup section */

/* Begin PBXNativeTarget section */
		745B6CE61AAD95E600316C16 /* TripPlanner */ = {
			isa = PBXNativeTarget;
			buildConfigurationList = 745B6D0A1AAD95E600316C16 /* Build configuration list for PBXNativeTarget "TripPlanner" */;
			buildPhases = (
				F8C26CC614A4B25C12CE69B6 /* Check Pods Manifest.lock */,
				745B6CE31AAD95E600316C16 /* Sources */,
				745B6CE41AAD95E600316C16 /* Frameworks */,
				745B6CE51AAD95E600316C16 /* Resources */,
				B34AA896D499A8C846688973 /* Copy Pods Resources */,
			);
			buildRules = (
			);
			dependencies = (
			);
			name = TripPlanner;
			productName = TripPlanner;
			productReference = 745B6CE71AAD95E600316C16 /* TripPlanner.app */;
			productType = "com.apple.product-type.application";
		};
		745B6CFF1AAD95E600316C16 /* TripPlannerTests */ = {
			isa = PBXNativeTarget;
			buildConfigurationList = 745B6D0D1AAD95E600316C16 /* Build configuration list for PBXNativeTarget "TripPlannerTests" */;
			buildPhases = (
				ED441C4DC17E178C6F9A1366 /* Check Pods Manifest.lock */,
				745B6CFC1AAD95E600316C16 /* Sources */,
				745B6CFD1AAD95E600316C16 /* Frameworks */,
				745B6CFE1AAD95E600316C16 /* Resources */,
				36B407538DA04FACF7CB88CB /* Copy Pods Resources */,
			);
			buildRules = (
			);
			dependencies = (
				745B6D021AAD95E600316C16 /* PBXTargetDependency */,
			);
			name = TripPlannerTests;
			productName = TripPlannerTests;
			productReference = 745B6D001AAD95E600316C16 /* TripPlannerTests.xctest */;
			productType = "com.apple.product-type.bundle.unit-test";
		};
/* End PBXNativeTarget section */

/* Begin PBXProject section */
		745B6CDF1AAD95E600316C16 /* Project object */ = {
			isa = PBXProject;
			attributes = {
				CLASSPREFIX = TPA;
				LastUpgradeCheck = 0610;
				ORGANIZATIONNAME = "Yuriy Berdnikov";
				TargetAttributes = {
					745B6CE61AAD95E600316C16 = {
						CreatedOnToolsVersion = 6.1.1;
					};
					745B6CFF1AAD95E600316C16 = {
						CreatedOnToolsVersion = 6.1.1;
						TestTargetID = 745B6CE61AAD95E600316C16;
					};
				};
			};
			buildConfigurationList = 745B6CE21AAD95E600316C16 /* Build configuration list for PBXProject "TripPlanner" */;
			compatibilityVersion = "Xcode 3.2";
			developmentRegion = English;
			hasScannedForEncodings = 0;
			knownRegions = (
				en,
				Base,
			);
			mainGroup = 745B6CDE1AAD95E600316C16;
			productRefGroup = 745B6CE81AAD95E600316C16 /* Products */;
			projectDirPath = "";
			projectRoot = "";
			targets = (
				745B6CE61AAD95E600316C16 /* TripPlanner */,
				745B6CFF1AAD95E600316C16 /* TripPlannerTests */,
			);
		};
/* End PBXProject section */

/* Begin PBXResourcesBuildPhase section */
		745B6CE51AAD95E600316C16 /* Resources */ = {
			isa = PBXResourcesBuildPhase;
			buildActionMask = 2147483647;
			files = (
				745B6CF61AAD95E600316C16 /* Main.storyboard in Resources */,
				745B6CFB1AAD95E600316C16 /* LaunchScreen.xib in Resources */,
				745B6CF81AAD95E600316C16 /* Images.xcassets in Resources */,
				740531C71AADA84600912539 /* TPATripPlanTableViewCell.xib in Resources */,
			);
			runOnlyForDeploymentPostprocessing = 0;
		};
		745B6CFE1AAD95E600316C16 /* Resources */ = {
			isa = PBXResourcesBuildPhase;
			buildActionMask = 2147483647;
			files = (
			);
			runOnlyForDeploymentPostprocessing = 0;
		};
/* End PBXResourcesBuildPhase section */

/* Begin PBXShellScriptBuildPhase section */
		36B407538DA04FACF7CB88CB /* Copy Pods Resources */ = {
			isa = PBXShellScriptBuildPhase;
			buildActionMask = 2147483647;
			files = (
			);
			inputPaths = (
			);
			name = "Copy Pods Resources";
			outputPaths = (
			);
			runOnlyForDeploymentPostprocessing = 0;
			shellPath = /bin/sh;
			shellScript = "\"${SRCROOT}/Pods/Target Support Files/Pods-TripPlannerTests/Pods-TripPlannerTests-resources.sh\"\n";
			showEnvVarsInLog = 0;
		};
		B34AA896D499A8C846688973 /* Copy Pods Resources */ = {
			isa = PBXShellScriptBuildPhase;
			buildActionMask = 2147483647;
			files = (
			);
			inputPaths = (
			);
			name = "Copy Pods Resources";
			outputPaths = (
			);
			runOnlyForDeploymentPostprocessing = 0;
			shellPath = /bin/sh;
			shellScript = "\"${SRCROOT}/Pods/Target Support Files/Pods-TripPlanner/Pods-TripPlanner-resources.sh\"\n";
			showEnvVarsInLog = 0;
		};
		ED441C4DC17E178C6F9A1366 /* Check Pods Manifest.lock */ = {
			isa = PBXShellScriptBuildPhase;
			buildActionMask = 2147483647;
			files = (
			);
			inputPaths = (
			);
			name = "Check Pods Manifest.lock";
			outputPaths = (
			);
			runOnlyForDeploymentPostprocessing = 0;
			shellPath = /bin/sh;
			shellScript = "diff \"${PODS_ROOT}/../Podfile.lock\" \"${PODS_ROOT}/Manifest.lock\" > /dev/null\nif [[ $? != 0 ]] ; then\n    cat << EOM\nerror: The sandbox is not in sync with the Podfile.lock. Run 'pod install' or update your CocoaPods installation.\nEOM\n    exit 1\nfi\n";
			showEnvVarsInLog = 0;
		};
		F8C26CC614A4B25C12CE69B6 /* Check Pods Manifest.lock */ = {
			isa = PBXShellScriptBuildPhase;
			buildActionMask = 2147483647;
			files = (
			);
			inputPaths = (
			);
			name = "Check Pods Manifest.lock";
			outputPaths = (
			);
			runOnlyForDeploymentPostprocessing = 0;
			shellPath = /bin/sh;
			shellScript = "diff \"${PODS_ROOT}/../Podfile.lock\" \"${PODS_ROOT}/Manifest.lock\" > /dev/null\nif [[ $? != 0 ]] ; then\n    cat << EOM\nerror: The sandbox is not in sync with the Podfile.lock. Run 'pod install' or update your CocoaPods installation.\nEOM\n    exit 1\nfi\n";
			showEnvVarsInLog = 0;
		};
/* End PBXShellScriptBuildPhase section */

/* Begin PBXSourcesBuildPhase section */
		745B6CE31AAD95E600316C16 /* Sources */ = {
			isa = PBXSourcesBuildPhase;
			buildActionMask = 2147483647;
			files = (
				740531CF1AADC81800912539 /* TPAAddTripPlanViewController.m in Sources */,
				745B6CF01AAD95E600316C16 /* AppDelegate.m in Sources */,
				745B6D4F1AAD98E500316C16 /* TPALoginViewController.m in Sources */,
				740531C11AADA4F500912539 /* TPATripsViewController.m in Sources */,
				745B6D211AAD973F00316C16 /* TPAConstants.m in Sources */,
				745B6D271AAD97AE00316C16 /* UIAlertView+Blocks.m in Sources */,
				740531DE1AAE377900912539 /* TPAFiltersViewController.m in Sources */,
				745B6D261AAD97AE00316C16 /* NSString+Utilities.m in Sources */,
				740531D21AADF06B00912539 /* NSDate+Utilities.m in Sources */,
				745B6D4C1AAD98D900316C16 /* TPAAuthenticationViewController.m in Sources */,
				740531D61AAE00AB00912539 /* TPATravelPlanViewController.m in Sources */,
				740531C61AADA84600912539 /* TPATripPlanTableViewCell.m in Sources */,
				740531E11AAE3CF500912539 /* TPATripFilterForm.m in Sources */,
				740531CB1AADC6FC00912539 /* TPATripPlanForm.m in Sources */,
				745B6D521AAD98F400316C16 /* TPASignupViewController.m in Sources */,
				745B6CED1AAD95E600316C16 /* main.m in Sources */,
			);
			runOnlyForDeploymentPostprocessing = 0;
		};
		745B6CFC1AAD95E600316C16 /* Sources */ = {
			isa = PBXSourcesBuildPhase;
			buildActionMask = 2147483647;
			files = (
				745B6D071AAD95E600316C16 /* TripPlannerTests.m in Sources */,
			);
			runOnlyForDeploymentPostprocessing = 0;
		};
/* End PBXSourcesBuildPhase section */

/* Begin PBXTargetDependency section */
		745B6D021AAD95E600316C16 /* PBXTargetDependency */ = {
			isa = PBXTargetDependency;
			target = 745B6CE61AAD95E600316C16 /* TripPlanner */;
			targetProxy = 745B6D011AAD95E600316C16 /* PBXContainerItemProxy */;
		};
/* End PBXTargetDependency section */

/* Begin PBXVariantGroup section */
		745B6CF41AAD95E600316C16 /* Main.storyboard */ = {
			isa = PBXVariantGroup;
			children = (
				745B6CF51AAD95E600316C16 /* Base */,
			);
			name = Main.storyboard;
			sourceTree = "<group>";
		};
		745B6CF91AAD95E600316C16 /* LaunchScreen.xib */ = {
			isa = PBXVariantGroup;
			children = (
				745B6CFA1AAD95E600316C16 /* Base */,
			);
			name = LaunchScreen.xib;
			sourceTree = "<group>";
		};
/* End PBXVariantGroup section */

/* Begin XCBuildConfiguration section */
		745B6D081AAD95E600316C16 /* Debug */ = {
			isa = XCBuildConfiguration;
			buildSettings = {
				ALWAYS_SEARCH_USER_PATHS = NO;
				CLANG_CXX_LANGUAGE_STANDARD = "gnu++0x";
				CLANG_CXX_LIBRARY = "libc++";
				CLANG_ENABLE_MODULES = YES;
				CLANG_ENABLE_OBJC_ARC = YES;
				CLANG_WARN_BOOL_CONVERSION = YES;
				CLANG_WARN_CONSTANT_CONVERSION = YES;
				CLANG_WARN_DIRECT_OBJC_ISA_USAGE = YES_ERROR;
				CLANG_WARN_EMPTY_BODY = YES;
				CLANG_WARN_ENUM_CONVERSION = YES;
				CLANG_WARN_INT_CONVERSION = YES;
				CLANG_WARN_OBJC_ROOT_CLASS = YES_ERROR;
				CLANG_WARN_UNREACHABLE_CODE = YES;
				CLANG_WARN__DUPLICATE_METHOD_MATCH = YES;
				"CODE_SIGN_IDENTITY[sdk=iphoneos*]" = "iPhone Developer";
				COPY_PHASE_STRIP = NO;
				ENABLE_STRICT_OBJC_MSGSEND = YES;
				GCC_C_LANGUAGE_STANDARD = gnu99;
				GCC_DYNAMIC_NO_PIC = NO;
				GCC_OPTIMIZATION_LEVEL = 0;
				GCC_PREPROCESSOR_DEFINITIONS = (
					"DEBUG=1",
					"$(inherited)",
				);
				GCC_SYMBOLS_PRIVATE_EXTERN = NO;
				GCC_WARN_64_TO_32_BIT_CONVERSION = YES;
				GCC_WARN_ABOUT_RETURN_TYPE = YES_ERROR;
				GCC_WARN_UNDECLARED_SELECTOR = YES;
				GCC_WARN_UNINITIALIZED_AUTOS = YES_AGGRESSIVE;
				GCC_WARN_UNUSED_FUNCTION = YES;
				GCC_WARN_UNUSED_VARIABLE = YES;
				IPHONEOS_DEPLOYMENT_TARGET = 8.1;
				MTL_ENABLE_DEBUG_INFO = YES;
				ONLY_ACTIVE_ARCH = YES;
				SDKROOT = iphoneos;
			};
			name = Debug;
		};
		745B6D091AAD95E600316C16 /* Release */ = {
			isa = XCBuildConfiguration;
			buildSettings = {
				ALWAYS_SEARCH_USER_PATHS = NO;
				CLANG_CXX_LANGUAGE_STANDARD = "gnu++0x";
				CLANG_CXX_LIBRARY = "libc++";
				CLANG_ENABLE_MODULES = YES;
				CLANG_ENABLE_OBJC_ARC = YES;
				CLANG_WARN_BOOL_CONVERSION = YES;
				CLANG_WARN_CONSTANT_CONVERSION = YES;
				CLANG_WARN_DIRECT_OBJC_ISA_USAGE = YES_ERROR;
				CLANG_WARN_EMPTY_BODY = YES;
				CLANG_WARN_ENUM_CONVERSION = YES;
				CLANG_WARN_INT_CONVERSION = YES;
				CLANG_WARN_OBJC_ROOT_CLASS = YES_ERROR;
				CLANG_WARN_UNREACHABLE_CODE = YES;
				CLANG_WARN__DUPLICATE_METHOD_MATCH = YES;
				"CODE_SIGN_IDENTITY[sdk=iphoneos*]" = "iPhone Developer";
				COPY_PHASE_STRIP = YES;
				ENABLE_NS_ASSERTIONS = NO;
				ENABLE_STRICT_OBJC_MSGSEND = YES;
				GCC_C_LANGUAGE_STANDARD = gnu99;
				GCC_WARN_64_TO_32_BIT_CONVERSION = YES;
				GCC_WARN_ABOUT_RETURN_TYPE = YES_ERROR;
				GCC_WARN_UNDECLARED_SELECTOR = YES;
				GCC_WARN_UNINITIALIZED_AUTOS = YES_AGGRESSIVE;
				GCC_WARN_UNUSED_FUNCTION = YES;
				GCC_WARN_UNUSED_VARIABLE = YES;
				IPHONEOS_DEPLOYMENT_TARGET = 8.1;
				MTL_ENABLE_DEBUG_INFO = NO;
				SDKROOT = iphoneos;
				VALIDATE_PRODUCT = YES;
			};
			name = Release;
		};
		745B6D0B1AAD95E600316C16 /* Debug */ = {
			isa = XCBuildConfiguration;
			baseConfigurationReference = 72FA575F422493D35C55E467 /* Pods-TripPlanner.debug.xcconfig */;
			buildSettings = {
				ASSETCATALOG_COMPILER_APPICON_NAME = AppIcon;
				FRAMEWORK_SEARCH_PATHS = (
					"$(inherited)",
					"$(PROJECT_DIR)/TripPlanner/3rdParty",
				);
				INFOPLIST_FILE = TripPlanner/Info.plist;
				LD_RUNPATH_SEARCH_PATHS = "$(inherited) @executable_path/Frameworks";
				PRODUCT_NAME = "$(TARGET_NAME)";
			};
			name = Debug;
		};
		745B6D0C1AAD95E600316C16 /* Release */ = {
			isa = XCBuildConfiguration;
			baseConfigurationReference = 60DED5AB50C7422714C032EC /* Pods-TripPlanner.release.xcconfig */;
			buildSettings = {
				ASSETCATALOG_COMPILER_APPICON_NAME = AppIcon;
				FRAMEWORK_SEARCH_PATHS = (
					"$(inherited)",
					"$(PROJECT_DIR)/TripPlanner/3rdParty",
				);
				INFOPLIST_FILE = TripPlanner/Info.plist;
				LD_RUNPATH_SEARCH_PATHS = "$(inherited) @executable_path/Frameworks";
				PRODUCT_NAME = "$(TARGET_NAME)";
			};
			name = Release;
		};
		745B6D0E1AAD95E600316C16 /* Debug */ = {
			isa = XCBuildConfiguration;
			baseConfigurationReference = 7E81C784CDE41C3EDA0DFF69 /* Pods-TripPlannerTests.debug.xcconfig */;
			buildSettings = {
				BUNDLE_LOADER = "$(TEST_HOST)";
				FRAMEWORK_SEARCH_PATHS = (
					"$(SDKROOT)/Developer/Library/Frameworks",
					"$(inherited)",
					"$(PROJECT_DIR)/TripPlanner/3rdParty",
				);
				GCC_PREPROCESSOR_DEFINITIONS = (
					"DEBUG=1",
					"$(inherited)",
				);
				INFOPLIST_FILE = TripPlannerTests/Info.plist;
				LD_RUNPATH_SEARCH_PATHS = "$(inherited) @executable_path/Frameworks @loader_path/Frameworks";
				PRODUCT_NAME = "$(TARGET_NAME)";
				TEST_HOST = "$(BUILT_PRODUCTS_DIR)/TripPlanner.app/TripPlanner";
			};
			name = Debug;
		};
		745B6D0F1AAD95E600316C16 /* Release */ = {
			isa = XCBuildConfiguration;
			baseConfigurationReference = 826F9C34DADF77BF9A0BDE35 /* Pods-TripPlannerTests.release.xcconfig */;
			buildSettings = {
				BUNDLE_LOADER = "$(TEST_HOST)";
				FRAMEWORK_SEARCH_PATHS = (
					"$(SDKROOT)/Developer/Library/Frameworks",
					"$(inherited)",
					"$(PROJECT_DIR)/TripPlanner/3rdParty",
				);
				INFOPLIST_FILE = TripPlannerTests/Info.plist;
				LD_RUNPATH_SEARCH_PATHS = "$(inherited) @executable_path/Frameworks @loader_path/Frameworks";
				PRODUCT_NAME = "$(TARGET_NAME)";
				TEST_HOST = "$(BUILT_PRODUCTS_DIR)/TripPlanner.app/TripPlanner";
			};
			name = Release;
		};
/* End XCBuildConfiguration section */

/* Begin XCConfigurationList section */
		745B6CE21AAD95E600316C16 /* Build configuration list for PBXProject "TripPlanner" */ = {
			isa = XCConfigurationList;
			buildConfigurations = (
				745B6D081AAD95E600316C16 /* Debug */,
				745B6D091AAD95E600316C16 /* Release */,
			);
			defaultConfigurationIsVisible = 0;
			defaultConfigurationName = Release;
		};
		745B6D0A1AAD95E600316C16 /* Build configuration list for PBXNativeTarget "TripPlanner" */ = {
			isa = XCConfigurationList;
			buildConfigurations = (
				745B6D0B1AAD95E600316C16 /* Debug */,
				745B6D0C1AAD95E600316C16 /* Release */,
			);
			defaultConfigurationIsVisible = 0;
			defaultConfigurationName = Release;
		};
		745B6D0D1AAD95E600316C16 /* Build configuration list for PBXNativeTarget "TripPlannerTests" */ = {
			isa = XCConfigurationList;
			buildConfigurations = (
				745B6D0E1AAD95E600316C16 /* Debug */,
				745B6D0F1AAD95E600316C16 /* Release */,
			);
			defaultConfigurationIsVisible = 0;
			defaultConfigurationName = Release;
		};
/* End XCConfigurationList section */
	};
	rootObject = 745B6CDF1AAD95E600316C16 /* Project object */;
}
